
Microsoft Visual Studio Solution File, Format Version 12.00
# Visual Studio Version 16
VisualStudioVersion = 16.0.32602.291
MinimumVisualStudioVersion = 10.0.40219.1
Project("{FAE04EC0-301F-11D3-BF4B-00C04F79EFBC}") = "UAS_078", "UAS_078\UAS_078.csproj", "{77574EF9-3D46-4A07-966F-6338D27A63CD}"
EndProject
Global
	GlobalSection(SolutionConfigurationPlatforms) = preSolution
		Debug|Any CPU = Debug|Any CPU
		Release|Any CPU = Release|Any CPU
	EndGlobalSection
	GlobalSection(ProjectConfigurationPlatforms) = postSolution
		{77574EF9-3D46-4A07-966F-6338D27A63CD}.Debug|Any CPU.ActiveCfg = Debug|Any CPU
		{77574EF9-3D46-4A07-966F-6338D27A63CD}.Debug|Any CPU.Build.0 = Debug|Any CPU
		{77574EF9-3D46-4A07-966F-6338D27A63CD}.Release|Any CPU.ActiveCfg = Release|Any CPU
		{77574EF9-3D46-4A07-966F-6338D27A63CD}.Release|Any CPU.Build.0 = Release|Any CPU
	EndGlobalSection
	GlobalSection(SolutionProperties) = preSolution
		HideSolutionNode = FALSE
	EndGlobalSection
	GlobalSection(ExtensibilityGlobals) = postSolution
		SolutionGuid = {2AF6F664-415E-4629-95C3-B74EA6B7472A}
	EndGlobalSection
EndGlobal
